lockfileVersion: 5.3

specifiers:
  '@swc/core': ^1.2.102
  source-map-support: ^0.5.20

dependencies:
  '@swc/core': 1.2.102
  source-map-support: 0.5.20

packages:

  /@napi-rs/triples/1.0.3:
    resolution: {integrity: sha512-jDJTpta+P4p1NZTFVLHJ/TLFVYVcOqv6l8xwOeBKNPMgY/zDYH/YH7SJbvrr/h1RcS9GzbPcLKGzpuK9cV56UA==}
    dev: false

  /@node-rs/helper/1.2.1:
    resolution: {integrity: sha512-R5wEmm8nbuQU0YGGmYVjEc0OHtYsuXdpRG+Ut/3wZ9XAvQWyThN08bTh2cBJgoZxHQUPtvRfeQuxcAgLuiBISg==}
    dependencies:
      '@napi-rs/triples': 1.0.3
    dev: false

  /@swc/core-android-arm64/1.2.102:
    resolution: {integrity: sha512-03wXXSyzm3I/7E3HihYRwvR/v5Xq8Z6j+oXYAouNoQo0/ODTMH9ATFv30csrK3mRtVEcJUk8VpVvfyh1N4hqkw==}
    engines: {node: '>=10'}
    cpu: [arm64]
    os: [android]
    requiresBuild: true
    dev: false
    optional: true

  /@swc/core-darwin-arm64/1.2.102:
    resolution: {integrity: sha512-DlC9+qt6gq6gGbmr9MCuMZmdHD/RyfZlf7YfkbQOlRlxaanUWz0lq0TZDWGI6MIofVOgaTle0FImPXby6dI/RA==}
    engines: {node: '>=10'}
    cpu: [arm64]
    os: [darwin]
    requiresBuild: true
    dev: false
    optional: true

  /@swc/core-darwin-x64/1.2.102:
    resolution: {integrity: sha512-JQhxbDnb8RYZ4m7B1f5J05HlUfmjiniQDnpSrvo5rDhlAZWXxuAKjEJQw8Qas/vqLdmgqrZ9POZmFaMBwIgKwg==}
    engines: {node: '>=10'}
    cpu: [x64]
    os: [darwin]
    requiresBuild: true
    dev: false
    optional: true

  /@swc/core-linux-arm-gnueabihf/1.2.102:
    resolution: {integrity: sha512-XWr6Cm3lBOcSGjTjPDLWHBh+lOSkKFMS2gCpLmIC3StAvtcN0oQY59T4cqDfe7VcBgJcdeo/H4dEnrXvnJyCaw==}
    engines: {node: '>=10'}
    cpu: [arm]
    os: [linux]
    requiresBuild: true
    dev: false
    optional: true

  /@swc/core-linux-arm64-gnu/1.2.102:
    resolution: {integrity: sha512-HVtLVBpyqpSIkXmonW75nDzpdrRtZXwEYLYG+y6Sw/8AQFQ9WntwnR+xoJ8q9o3Bby2DGpWetjR0V8rr1m+lmg==}
    engines: {node: '>=10'}
    cpu: [arm64]
    os: [linux]
    requiresBuild: true
    dev: false
    optional: true

  /@swc/core-linux-arm64-musl/1.2.102:
    resolution: {integrity: sha512-XDgnkd90alnkBB+JcXaYIG5lXrv/ppLb9Z5fZ4BIsi8uNsVZgo+H/eAj/BTcYff4mpyGdCdqd7P1lC/WRR8uEg==}
    engines: {node: '>=10'}
    cpu: [arm64]
    os: [linux]
    requiresBuild: true
    dev: false
    optional: true

  /@swc/core-linux-x64-gnu/1.2.102:
    resolution: {integrity: sha512-O3XZpJ0GMghNcO5uxfhAvDTJ4FgDOcq8DBPpa4f4Mz7hU6fcGY4Koy4rUeff4BuOKlIzI/O+REszxk7Fiivh2w==}
    engines: {node: '>=10'}
    cpu: [x64]
    os: [linux]
    requiresBuild: true
    dev: false
    optional: true

  /@swc/core-linux-x64-musl/1.2.102:
    resolution: {integrity: sha512-bGqatsVX3yc56YoOLGcHMUG23I2PKMe638vCBfuKVWN6UKcGJGMzqZV/efyPiHJDFcWzN/1jYW3GccGQq97G3Q==}
    engines: {node: '>=10'}
    cpu: [x64]
    os: [linux]
    requiresBuild: true
    dev: false
    optional: true

  /@swc/core-win32-arm64-msvc/1.2.102:
    resolution: {integrity: sha512-A15tUAEDS72a2ixNQl3mKCgMD6RVzntMdWl9pDG71/xRd/U/NVIKx0x12FT5fUQH8PTJ7cgcp2Y0VqKeeEuF5w==}
    engines: {node: '>=10'}
    cpu: [arm64]
    os: [win32]
    requiresBuild: true
    dev: false
    optional: true

  /@swc/core-win32-ia32-msvc/1.2.102:
    resolution: {integrity: sha512-uePvr9+C1Z0KVElU/Y6ZyXw7vqzRIxl+KSYfn9mCFpgYy/1BRSmxpxqTzR0rkfClXMBi2W9a0JosmWbUvRC8ZQ==}
    engines: {node: '>=10'}
    cpu: [ia32]
    os: [win32]
    requiresBuild: true
    dev: false
    optional: true

  /@swc/core-win32-x64-msvc/1.2.102:
    resolution: {integrity: sha512-VsUducGCqKm0ucFrZiKQZ95Y4EcCSivg/zYBdTXM20eu/7mG9ynBXHCoKW0B+69D6J3IZsrc9Hvcu7gKkT9QfQ==}
    engines: {node: '>=10'}
    cpu: [x64]
    os: [win32]
    requiresBuild: true
    dev: false
    optional: true

  /@swc/core/1.2.102:
    resolution: {integrity: sha512-KQEsDWb8HTSQ/I8N6qVHNSl6al/qcXxsRAjpEP8ZPnnpgThbnP9MeKpT2KeU+Qd4VD0qXM72dMm2QOPzdSlxHQ==}
    engines: {node: '>=10'}
    dependencies:
      '@node-rs/helper': 1.2.1
    optionalDependencies:
      '@swc/core-android-arm64': 1.2.102
      '@swc/core-darwin-arm64': 1.2.102
      '@swc/core-darwin-x64': 1.2.102
      '@swc/core-linux-arm-gnueabihf': 1.2.102
      '@swc/core-linux-arm64-gnu': 1.2.102
      '@swc/core-linux-arm64-musl': 1.2.102
      '@swc/core-linux-x64-gnu': 1.2.102
      '@swc/core-linux-x64-musl': 1.2.102
      '@swc/core-win32-arm64-msvc': 1.2.102
      '@swc/core-win32-ia32-msvc': 1.2.102
      '@swc/core-win32-x64-msvc': 1.2.102
    dev: false

  /buffer-from/1.1.2:
    resolution: {integrity: sha512-E+XQCRwSbaaiChtv6k6Dwgc+bx+Bs6vuKJHHl5kox/BaKbhiXzqQOwK4cO22yElGp2OCmjwVhT3HmxgyPGnJfQ==}
    dev: false

  /source-map-support/0.5.20:
    resolution: {integrity: sha512-n1lZZ8Ve4ksRqizaBQgxXDgKwttHDhyfQjA6YZZn8+AroHbsIz+JjwxQDxbp+7y5OYCI8t1Yk7etjD9CRd2hIw==}
    dependencies:
      buffer-from: 1.1.2
      source-map: 0.6.1
    dev: false

  /source-map/0.6.1:
    resolution: {integrity: sha512-UjgapumWlbMhkBgzT7Ykc5YXUT46F0iKu8SGXq0bcwP5dz/h0Plj6enJqjz1Zbq2l5WaqYnrVbwWOWMyF3F47g==}
    engines: {node: '>=0.10.0'}
    dev: false
